// !$*UTF8*$!
{
	archiveVersion = 1;
	classes = {
	};
	objectVersion = 48;
	objects = {

/* Begin PBXBuildFile section */
		DA140AAA205E64BE00451711 /* LaunchScreen.storyboard in Resources */ = {isa = PBXBuildFile; fileRef = DA140A9F205E64BE00451711 /* LaunchScreen.storyboard */; };
		DA140AAB205E64BE00451711 /* README.md in Resources */ = {isa = PBXBuildFile; fileRef = DA140AA0205E64BE00451711 /* README.md */; };
		DA140AAC205E64BE00451711 /* LICENSE in Resources */ = {isa = PBXBuildFile; fileRef = DA140AA1205E64BE00451711 /* LICENSE */; };
		DA140AAD205E64BE00451711 /* InfoPlist.strings in Resources */ = {isa = PBXBuildFile; fileRef = DA140AA3205E64BE00451711 /* InfoPlist.strings */; };
		DA140AB0205E64BE00451711 /* .gitignore in Resources */ = {isa = PBXBuildFile; fileRef = DA140AA9205E64BE00451711 /* .gitignore */; };
		DA140AB5205E65A000451711 /* Application.swift in Sources */ = {isa = PBXBuildFile; fileRef = DA140AB4205E65A000451711 /* Application.swift */; };
/* End PBXBuildFile section */

/* Begin PBXContainerItemProxy section */
		DA140A99205E644000451711 /* PBXContainerItemProxy */ = {
			isa = PBXContainerItemProxy;
			containerPortal = DA140A73205E61F800451711 /* Project object */;
			proxyType = 1;
			remoteGlobalIDString = DA140A7A205E61F800451711;
			remoteInfo = autoplaza;
		};
/* End PBXContainerItemProxy section */

/* Begin PBXFileReference section */
		DA140A7B205E61F800451711 /* autoplaza.app */ = {isa = PBXFileReference; explicitFileType = wrapper.application; includeInIndex = 0; path = autoplaza.app; sourceTree = BUILT_PRODUCTS_DIR; };
		DA140A94205E644000451711 /* UnitTests.xctest */ = {isa = PBXFileReference; explicitFileType = wrapper.cfbundle; includeInIndex = 0; path = UnitTests.xctest; sourceTree = BUILT_PRODUCTS_DIR; };
		DA140A9F205E64BE00451711 /* LaunchScreen.storyboard */ = {isa = PBXFileReference; fileEncoding = 4; lastKnownFileType = file.storyboard; path = LaunchScreen.storyboard; sourceTree = "<group>"; };
		DA140AA0205E64BE00451711 /* README.md */ = {isa = PBXFileReference; fileEncoding = 4; lastKnownFileType = net.daringfireball.markdown; path = README.md; sourceTree = "<group>"; };
		DA140AA1205E64BE00451711 /* LICENSE */ = {isa = PBXFileReference; fileEncoding = 4; lastKnownFileType = text; path = LICENSE; sourceTree = "<group>"; };
		DA140AA4205E64BE00451711 /* en */ = {isa = PBXFileReference; lastKnownFileType = text.plist.strings; name = en; path = en.lproj/InfoPlist.strings; sourceTree = "<group>"; };
		DA140AA6205E64BE00451711 /* unitTestsInfo.plist */ = {isa = PBXFileReference; fileEncoding = 4; lastKnownFileType = text.plist.xml; path = unitTestsInfo.plist; sourceTree = "<group>"; };
		DA140AA7205E64BE00451711 /* autoplazaInfo.plist */ = {isa = PBXFileReference; fileEncoding = 4; lastKnownFileType = text.plist.xml; path = autoplazaInfo.plist; sourceTree = "<group>"; };
		DA140AA9205E64BE00451711 /* .gitignore */ = {isa = PBXFileReference; fileEncoding = 4; lastKnownFileType = text; path = .gitignore; sourceTree = "<group>"; };
		DA140AB2205E64DE00451711 /* Scripts */ = {isa = PBXFileReference; lastKnownFileType = folder; path = Scripts; sourceTree = "<group>"; };
		DA140AB4205E65A000451711 /* Application.swift */ = {isa = PBXFileReference; lastKnownFileType = sourcecode.swift; path = Application.swift; sourceTree = "<group>"; };
/* End PBXFileReference section */

/* Begin PBXFrameworksBuildPhase section */
		DA140A78205E61F800451711 /* Frameworks */ = {
			isa = PBXFrameworksBuildPhase;
			buildActionMask = 2147483647;
			files = (
			);
			runOnlyForDeploymentPostprocessing = 0;
		};
		DA140A91205E644000451711 /* Frameworks */ = {
			isa = PBXFrameworksBuildPhase;
			buildActionMask = 2147483647;
			files = (
			);
			runOnlyForDeploymentPostprocessing = 0;
		};
/* End PBXFrameworksBuildPhase section */

/* Begin PBXGroup section */
		DA140A72205E61F800451711 = {
			isa = PBXGroup;
			children = (
				DA140A9E205E64BE00451711 /* Assets */,
				DA140AA5205E64BE00451711 /* Configuration */,
				DA140AA2205E64BE00451711 /* Resources */,
				DA140AA8205E64BE00451711 /* Source */,
				DA140AB1205E64CB00451711 /* UnitTests */,
				DA140AB2205E64DE00451711 /* Scripts */,
				DA140AA1205E64BE00451711 /* LICENSE */,
				DA140AA0205E64BE00451711 /* README.md */,
				DA140AA9205E64BE00451711 /* .gitignore */,
				DA140A7C205E61F800451711 /* Products */,
			);
			sourceTree = "<group>";
		};
		DA140A7C205E61F800451711 /* Products */ = {
			isa = PBXGroup;
			children = (
				DA140A7B205E61F800451711 /* autoplaza.app */,
				DA140A94205E644000451711 /* UnitTests.xctest */,
			);
			name = Products;
			sourceTree = "<group>";
		};
		DA140A9E205E64BE00451711 /* Assets */ = {
			isa = PBXGroup;
			children = (
				DA140A9F205E64BE00451711 /* LaunchScreen.storyboard */,
			);
			path = Assets;
			sourceTree = "<group>";
		};
		DA140AA2205E64BE00451711 /* Resources */ = {
			isa = PBXGroup;
			children = (
				DA140AA3205E64BE00451711 /* InfoPlist.strings */,
			);
			path = Resources;
			sourceTree = "<group>";
		};
		DA140AA5205E64BE00451711 /* Configuration */ = {
			isa = PBXGroup;
			children = (
				DA140AA6205E64BE00451711 /* unitTestsInfo.plist */,
				DA140AA7205E64BE00451711 /* autoplazaInfo.plist */,
			);
			path = Configuration;
			sourceTree = "<group>";
		};
		DA140AA8205E64BE00451711 /* Source */ = {
			isa = PBXGroup;
			children = (
				DA140AB3205E659300451711 /* Application */,
			);
			path = Source;
			sourceTree = "<group>";
		};
		DA140AB1205E64CB00451711 /* UnitTests */ = {
			isa = PBXGroup;
			children = (
			);
			path = UnitTests;
			sourceTree = "<group>";
		};
		DA140AB3205E659300451711 /* Application */ = {
			isa = PBXGroup;
			children = (
				DA140AB4205E65A000451711 /* Application.swift */,
			);
			path = Application;
			sourceTree = "<group>";
		};
/* End PBXGroup section */

/* Begin PBXNativeTarget section */
		DA140A7A205E61F800451711 /* autoplaza */ = {
			isa = PBXNativeTarget;
			buildConfigurationList = DA140A8D205E61F800451711 /* Build configuration list for PBXNativeTarget "autoplaza" */;
			buildPhases = (
				DA140A77205E61F800451711 /* Sources */,
				DA140A78205E61F800451711 /* Frameworks */,
				DA140A79205E61F800451711 /* Resources */,
			);
			buildRules = (
			);
			dependencies = (
			);
			name = autoplaza;
			productName = autoplaza;
			productReference = DA140A7B205E61F800451711 /* autoplaza.app */;
			productType = "com.apple.product-type.application";
		};
		DA140A93205E644000451711 /* UnitTests */ = {
			isa = PBXNativeTarget;
			buildConfigurationList = DA140A9B205E644000451711 /* Build configuration list for PBXNativeTarget "UnitTests" */;
			buildPhases = (
				DA140A90205E644000451711 /* Sources */,
				DA140A91205E644000451711 /* Frameworks */,
				DA140A92205E644000451711 /* Resources */,
			);
			buildRules = (
			);
			dependencies = (
				DA140A9A205E644000451711 /* PBXTargetDependency */,
			);
			name = UnitTests;
			productName = UnitTests;
			productReference = DA140A94205E644000451711 /* UnitTests.xctest */;
			productType = "com.apple.product-type.bundle.unit-test";
		};
/* End PBXNativeTarget section */

/* Begin PBXProject section */
		DA140A73205E61F800451711 /* Project object */ = {
			isa = PBXProject;
			attributes = {
				LastSwiftUpdateCheck = 0920;
				LastUpgradeCheck = 0920;
				ORGANIZATIONNAME = iturbide;
				TargetAttributes = {
					DA140A7A205E61F800451711 = {
						CreatedOnToolsVersion = 9.2;
						LastSwiftMigration = 0920;
						ProvisioningStyle = Automatic;
					};
					DA140A93205E644000451711 = {
						CreatedOnToolsVersion = 9.2;
						ProvisioningStyle = Automatic;
						TestTargetID = DA140A7A205E61F800451711;
					};
				};
			};
			buildConfigurationList = DA140A76205E61F800451711 /* Build configuration list for PBXProject "autoplaza" */;
			compatibilityVersion = "Xcode 8.0";
			developmentRegion = en;
			hasScannedForEncodings = 0;
			knownRegions = (
				en,
				Base,
			);
			mainGroup = DA140A72205E61F800451711;
			productRefGroup = DA140A7C205E61F800451711 /* Products */;
			projectDirPath = "";
			projectRoot = "";
			targets = (
				DA140A7A205E61F800451711 /* autoplaza */,
				DA140A93205E644000451711 /* UnitTests */,
			);
		};
/* End PBXProject section */

/* Begin PBXResourcesBuildPhase section */
		DA140A79205E61F800451711 /* Resources */ = {
			isa = PBXResourcesBuildPhase;
			buildActionMask = 2147483647;
			files = (
				DA140AAC205E64BE00451711 /* LICENSE in Resources */,
				DA140AB0205E64BE00451711 /* .gitignore in Resources */,
				DA140AAD205E64BE00451711 /* InfoPlist.strings in Resources */,
				DA140AAB205E64BE00451711 /* README.md in Resources */,
				DA140AAA205E64BE00451711 /* LaunchScreen.storyboard in Resources */,
			);
			runOnlyForDeploymentPostprocessing = 0;
		};
		DA140A92205E644000451711 /* Resources */ = {
			isa = PBXResourcesBuildPhase;
			buildActionMask = 2147483647;
			files = (
			);
			runOnlyForDeploymentPostprocessing = 0;
		};
/* End PBXResourcesBuildPhase section */

/* Begin PBXSourcesBuildPhase section */
		DA140A77205E61F800451711 /* Sources */ = {
			isa = PBXSourcesBuildPhase;
			buildActionMask = 2147483647;
			files = (
				DA140AB5205E65A000451711 /* Application.swift in Sources */,
			);
			runOnlyForDeploymentPostprocessing = 0;
		};
		DA140A90205E644000451711 /* Sources */ = {
			isa = PBXSourcesBuildPhase;
			buildActionMask = 2147483647;
			files = (
			);
			runOnlyForDeploymentPostprocessing = 0;
		};
/* End PBXSourcesBuildPhase section */

/* Begin PBXTargetDependency section */
		DA140A9A205E644000451711 /* PBXTargetDependency */ = {
			isa = PBXTargetDependency;
			target = DA140A7A205E61F800451711 /* autoplaza */;
			targetProxy = DA140A99205E644000451711 /* PBXContainerItemProxy */;
		};
/* End PBXTargetDependency section */

/* Begin PBXVariantGroup section */
		DA140AA3205E64BE00451711 /* InfoPlist.strings */ = {
			isa = PBXVariantGroup;
			children = (
				DA140AA4205E64BE00451711 /* en */,
			);
			name = InfoPlist.strings;
			sourceTree = "<group>";
		};
/* End PBXVariantGroup section */

/* Begin XCBuildConfiguration section */
		DA140A8B205E61F800451711 /* Debug */ = {
			isa = XCBuildConfiguration;
			buildSettings = {
				ALWAYS_SEARCH_USER_PATHS = NO;
				CLANG_ANALYZER_NONNULL = YES;
				CLANG_ANALYZER_NUMBER_OBJECT_CONVERSION = YES_AGGRESSIVE;
				CLANG_CXX_LANGUAGE_STANDARD = "gnu++14";
				CLANG_CXX_LIBRARY = "libc++";
				CLANG_ENABLE_MODULES = YES;
				CLANG_ENABLE_OBJC_ARC = YES;
				CLANG_WARN_BLOCK_CAPTURE_AUTORELEASING = YES;
				CLANG_WARN_BOOL_CONVERSION = YES;
				CLANG_WARN_COMMA = YES;
				CLANG_WARN_CONSTANT_CONVERSION = YES;
				CLANG_WARN_DIRECT_OBJC_ISA_USAGE = YES_ERROR;
				CLANG_WARN_DOCUMENTATION_COMMENTS = YES;
				CLANG_WARN_EMPTY_BODY = YES;
				CLANG_WARN_ENUM_CONVERSION = YES;
				CLANG_WARN_INFINITE_RECURSION = YES;
				CLANG_WARN_INT_CONVERSION = YES;
				CLANG_WARN_NON_LITERAL_NULL_CONVERSION = YES;
				CLANG_WARN_OBJC_LITERAL_CONVERSION = YES;
				CLANG_WARN_OBJC_ROOT_CLASS = YES_ERROR;
				CLANG_WARN_RANGE_LOOP_ANALYSIS = YES;
				CLANG_WARN_STRICT_PROTOTYPES = YES;
				CLANG_WARN_SUSPICIOUS_MOVE = YES;
				CLANG_WARN_UNGUARDED_AVAILABILITY = YES_AGGRESSIVE;
				CLANG_WARN_UNREACHABLE_CODE = YES;
				CLANG_WARN__DUPLICATE_METHOD_MATCH = YES;
				CODE_SIGN_IDENTITY = "iPhone Developer";
				COPY_PHASE_STRIP = NO;
				DEBUG_INFORMATION_FORMAT = dwarf;
				ENABLE_STRICT_OBJC_MSGSEND = YES;
				ENABLE_TESTABILITY = YES;
				GCC_C_LANGUAGE_STANDARD = gnu11;
				GCC_DYNAMIC_NO_PIC = NO;
				GCC_NO_COMMON_BLOCKS = YES;
				GCC_OPTIMIZATION_LEVEL = 0;
				GCC_PREPROCESSOR_DEFINITIONS = (
					"DEBUG=1",
					"$(inherited)",
				);
				GCC_WARN_64_TO_32_BIT_CONVERSION = YES;
				GCC_WARN_ABOUT_RETURN_TYPE = YES_ERROR;
				GCC_WARN_UNDECLARED_SELECTOR = YES;
				GCC_WARN_UNINITIALIZED_AUTOS = YES_AGGRESSIVE;
				GCC_WARN_UNUSED_FUNCTION = YES;
				GCC_WARN_UNUSED_VARIABLE = YES;
				IPHONEOS_DEPLOYMENT_TARGET = 11.2;
				MTL_ENABLE_DEBUG_INFO = YES;
				ONLY_ACTIVE_ARCH = YES;
				SDKROOT = iphoneos;
				SWIFT_ACTIVE_COMPILATION_CONDITIONS = DEBUG;
				SWIFT_OPTIMIZATION_LEVEL = "-Onone";
			};
			name = Debug;
		};
		DA140A8C205E61F800451711 /* Release */ = {
			isa = XCBuildConfiguration;
			buildSettings = {
				ALWAYS_SEARCH_USER_PATHS = NO;
				CLANG_ANALYZER_NONNULL = YES;
				CLANG_ANALYZER_NUMBER_OBJECT_CONVERSION = YES_AGGRESSIVE;
				CLANG_CXX_LANGUAGE_STANDARD = "gnu++14";
				CLANG_CXX_LIBRARY = "libc++";
				CLANG_ENABLE_MODULES = YES;
				CLANG_ENABLE_OBJC_ARC = YES;
				CLANG_WARN_BLOCK_CAPTURE_AUTORELEASING = YES;
				CLANG_WARN_BOOL_CONVERSION = YES;
				CLANG_WARN_COMMA = YES;
				CLANG_WARN_CONSTANT_CONVERSION = YES;
				CLANG_WARN_DIRECT_OBJC_ISA_USAGE = YES_ERROR;
				CLANG_WARN_DOCUMENTATION_COMMENTS = YES;
				CLANG_WARN_EMPTY_BODY = YES;
				CLANG_WARN_ENUM_CONVERSION = YES;
				CLANG_WARN_INFINITE_RECURSION = YES;
				CLANG_WARN_INT_CONVERSION = YES;
				CLANG_WARN_NON_LITERAL_NULL_CONVERSION = YES;
				CLANG_WARN_OBJC_LITERAL_CONVERSION = YES;
				CLANG_WARN_OBJC_ROOT_CLASS = YES_ERROR;
				CLANG_WARN_RANGE_LOOP_ANALYSIS = YES;
				CLANG_WARN_STRICT_PROTOTYPES = YES;
				CLANG_WARN_SUSPICIOUS_MOVE = YES;
				CLANG_WARN_UNGUARDED_AVAILABILITY = YES_AGGRESSIVE;
				CLANG_WARN_UNREACHABLE_CODE = YES;
				CLANG_WARN__DUPLICATE_METHOD_MATCH = YES;
				CODE_SIGN_IDENTITY = "iPhone Developer";
				COPY_PHASE_STRIP = NO;
				DEBUG_INFORMATION_FORMAT = "dwarf-with-dsym";
				ENABLE_NS_ASSERTIONS = NO;
				ENABLE_STRICT_OBJC_MSGSEND = YES;
				GCC_C_LANGUAGE_STANDARD = gnu11;
				GCC_NO_COMMON_BLOCKS = YES;
				GCC_WARN_64_TO_32_BIT_CONVERSION = YES;
				GCC_WARN_ABOUT_RETURN_TYPE = YES_ERROR;
				GCC_WARN_UNDECLARED_SELECTOR = YES;
				GCC_WARN_UNINITIALIZED_AUTOS = YES_AGGRESSIVE;
				GCC_WARN_UNUSED_FUNCTION = YES;
				GCC_WARN_UNUSED_VARIABLE = YES;
				IPHONEOS_DEPLOYMENT_TARGET = 11.2;
				MTL_ENABLE_DEBUG_INFO = NO;
				SDKROOT = iphoneos;
				SWIFT_OPTIMIZATION_LEVEL = "-Owholemodule";
				VALIDATE_PRODUCT = YES;
			};
			name = Release;
		};
		DA140A8E205E61F800451711 /* Debug */ = {
			isa = XCBuildConfiguration;
			buildSettings = {
				ASSETCATALOG_COMPILER_APPICON_NAME = AppIcon;
				CLANG_ENABLE_MODULES = YES;
				CODE_SIGN_STYLE = Automatic;
				DEVELOPMENT_TEAM = 7AMWG3RLHN;
				INFOPLIST_FILE = autoplaza/Info.plist;
				LD_RUNPATH_SEARCH_PATHS = "$(inherited) @executable_path/Frameworks";
				PRODUCT_BUNDLE_IDENTIFIER = iturbide.autoplaza;
				PRODUCT_NAME = "$(TARGET_NAME)";
				SWIFT_OPTIMIZATION_LEVEL = "-Onone";
				SWIFT_VERSION = 4.0;
				TARGETED_DEVICE_FAMILY = "1,2";
			};
			name = Debug;
		};
		DA140A8F205E61F800451711 /* Release */ = {
			isa = XCBuildConfiguration;
			buildSettings = {
				ASSETCATALOG_COMPILER_APPICON_NAME = AppIcon;
				CLANG_ENABLE_MODULES = YES;
				CODE_SIGN_STYLE = Automatic;
				DEVELOPMENT_TEAM = 7AMWG3RLHN;
				INFOPLIST_FILE = autoplaza/Info.plist;
				LD_RUNPATH_SEARCH_PATHS = "$(inherited) @executable_path/Frameworks";
				PRODUCT_BUNDLE_IDENTIFIER = iturbide.autoplaza;
				PRODUCT_NAME = "$(TARGET_NAME)";
				SWIFT_VERSION = 4.0;
				TARGETED_DEVICE_FAMILY = "1,2";
			};
			name = Release;
		};
		DA140A9C205E644000451711 /* Debug */ = {
			isa = XCBuildConfiguration;
			buildSettings = {
				ALWAYS_EMBED_SWIFT_STANDARD_LIBRARIES = YES;
				BUNDLE_LOADER = "$(TEST_HOST)";
				CODE_SIGN_STYLE = Automatic;
				DEVELOPMENT_TEAM = 7AMWG3RLHN;
				INFOPLIST_FILE = UnitTests/Info.plist;
				LD_RUNPATH_SEARCH_PATHS = "$(inherited) @executable_path/Frameworks @loader_path/Frameworks";
				PRODUCT_BUNDLE_IDENTIFIER = iturbide.UnitTests;
				PRODUCT_NAME = "$(TARGET_NAME)";
				SWIFT_VERSION = 4.0;
				TARGETED_DEVICE_FAMILY = "1,2";
				TEST_HOST = "$(BUILT_PRODUCTS_DIR)/autoplaza.app/autoplaza";
			};
			name = Debug;
		};
		DA140A9D205E644000451711 /* Release */ = {
			isa = XCBuildConfiguration;
			buildSettings = {
				ALWAYS_EMBED_SWIFT_STANDARD_LIBRARIES = YES;
				BUNDLE_LOADER = "$(TEST_HOST)";
				CODE_SIGN_STYLE = Automatic;
				DEVELOPMENT_TEAM = 7AMWG3RLHN;
				INFOPLIST_FILE = UnitTests/Info.plist;
				LD_RUNPATH_SEARCH_PATHS = "$(inherited) @executable_path/Frameworks @loader_path/Frameworks";
				PRODUCT_BUNDLE_IDENTIFIER = iturbide.UnitTests;
				PRODUCT_NAME = "$(TARGET_NAME)";
				SWIFT_VERSION = 4.0;
				TARGETED_DEVICE_FAMILY = "1,2";
				TEST_HOST = "$(BUILT_PRODUCTS_DIR)/autoplaza.app/autoplaza";
			};
			name = Release;
		};
/* End XCBuildConfiguration section */

/* Begin XCConfigurationList section */
		DA140A76205E61F800451711 /* Build configuration list for PBXProject "autoplaza" */ = {
			isa = XCConfigurationList;
			buildConfigurations = (
				DA140A8B205E61F800451711 /* Debug */,
				DA140A8C205E61F800451711 /* Release */,
			);
			defaultConfigurationIsVisible = 0;
			defaultConfigurationName = Release;
		};
		DA140A8D205E61F800451711 /* Build configuration list for PBXNativeTarget "autoplaza" */ = {
			isa = XCConfigurationList;
			buildConfigurations = (
				DA140A8E205E61F800451711 /* Debug */,
				DA140A8F205E61F800451711 /* Release */,
			);
			defaultConfigurationIsVisible = 0;
			defaultConfigurationName = Release;
		};
		DA140A9B205E644000451711 /* Build configuration list for PBXNativeTarget "UnitTests" */ = {
			isa = XCConfigurationList;
			buildConfigurations = (
				DA140A9C205E644000451711 /* Debug */,
				DA140A9D205E644000451711 /* Release */,
			);
			defaultConfigurationIsVisible = 0;
			defaultConfigurationName = Release;
		};
/* End XCConfigurationList section */
	};
	rootObject = DA140A73205E61F800451711 /* Project object */;
}
