// !$*UTF8*$!
{
	archiveVersion = 1;
	classes = {
	};
	objectVersion = 48;
	objects = {

/* Begin PBXBuildFile section */
		DA140AAA205E64BE00451711 /* LaunchScreen.storyboard in Resources */ = {isa = PBXBuildFile; fileRef = DA140A9F205E64BE00451711 /* LaunchScreen.storyboard */; };
		DA140AAB205E64BE00451711 /* README.md in Resources */ = {isa = PBXBuildFile; fileRef = DA140AA0205E64BE00451711 /* README.md */; };
		DA140AAC205E64BE00451711 /* LICENSE in Resources */ = {isa = PBXBuildFile; fileRef = DA140AA1205E64BE00451711 /* LICENSE */; };
		DA140AB0205E64BE00451711 /* .gitignore in Resources */ = {isa = PBXBuildFile; fileRef = DA140AA9205E64BE00451711 /* .gitignore */; };
		DA140AB5205E65A000451711 /* Application.swift in Sources */ = {isa = PBXBuildFile; fileRef = DA140AB4205E65A000451711 /* Application.swift */; };
		DA140AB8205E68A800451711 /* StructureController.swift in Sources */ = {isa = PBXBuildFile; fileRef = DA140AB7205E68A800451711 /* StructureController.swift */; };
		DA140ABA205E6A1900451711 /* Structure.swift in Sources */ = {isa = PBXBuildFile; fileRef = DA140AB9205E6A1900451711 /* Structure.swift */; };
		DA140ABD205E6A4700451711 /* TestStructure.swift in Sources */ = {isa = PBXBuildFile; fileRef = DA140ABC205E6A4700451711 /* TestStructure.swift */; };
		DA140ABF205E736D00451711 /* StructureItemProtocol.swift in Sources */ = {isa = PBXBuildFile; fileRef = DA140ABE205E736D00451711 /* StructureItemProtocol.swift */; };
		DA140AC1205E73B900451711 /* Structure+Factory.swift in Sources */ = {isa = PBXBuildFile; fileRef = DA140AC0205E73B900451711 /* Structure+Factory.swift */; };
		DA140AC4205E76E400451711 /* TestApplication.swift in Sources */ = {isa = PBXBuildFile; fileRef = DA140AC3205E76E400451711 /* TestApplication.swift */; };
		DA140AC6205E77B100451711 /* TestStructureController.swift in Sources */ = {isa = PBXBuildFile; fileRef = DA140AC5205E77B100451711 /* TestStructureController.swift */; };
		DA140AC8205E786400451711 /* TestStructureItemExplore.swift in Sources */ = {isa = PBXBuildFile; fileRef = DA140AC7205E786400451711 /* TestStructureItemExplore.swift */; };
		DA140ACA205E78B000451711 /* StructureItemExplore.swift in Sources */ = {isa = PBXBuildFile; fileRef = DA140AC9205E78B000451711 /* StructureItemExplore.swift */; };
		DA140ACC205E7A6600451711 /* Structure+Constants.swift in Sources */ = {isa = PBXBuildFile; fileRef = DA140ACB205E7A6600451711 /* Structure+Constants.swift */; };
		DA140ACE205E7B5C00451711 /* StructureItemGuide.swift in Sources */ = {isa = PBXBuildFile; fileRef = DA140ACD205E7B5C00451711 /* StructureItemGuide.swift */; };
		DA140AD0205E7B7D00451711 /* TestStructureItemGuide.swift in Sources */ = {isa = PBXBuildFile; fileRef = DA140ACF205E7B7D00451711 /* TestStructureItemGuide.swift */; };
		DA140AD2205E7FFB00451711 /* TestStructureNavigatorView.swift in Sources */ = {isa = PBXBuildFile; fileRef = DA140AD1205E7FFB00451711 /* TestStructureNavigatorView.swift */; };
		DA140AD4205E805B00451711 /* StructureNavigatorView.swift in Sources */ = {isa = PBXBuildFile; fileRef = DA140AD3205E805B00451711 /* StructureNavigatorView.swift */; };
		DA2DF205205E81F000A50D77 /* StructureController+Navigator.swift in Sources */ = {isa = PBXBuildFile; fileRef = DA2DF204205E81F000A50D77 /* StructureController+Navigator.swift */; };
		DA2DF207205E825100A50D77 /* StructureController+Constants.swift in Sources */ = {isa = PBXBuildFile; fileRef = DA2DF206205E825100A50D77 /* StructureController+Constants.swift */; };
		DA2DF213205E82B500A50D77 /* ExtensionUIView+LayoutWidth.swift in Sources */ = {isa = PBXBuildFile; fileRef = DA2DF209205E82B500A50D77 /* ExtensionUIView+LayoutWidth.swift */; };
		DA2DF214205E82B500A50D77 /* ExtensionUIView+LayoutHeight.swift in Sources */ = {isa = PBXBuildFile; fileRef = DA2DF20A205E82B500A50D77 /* ExtensionUIView+LayoutHeight.swift */; };
		DA2DF215205E82B500A50D77 /* ExtensionUIView+LayoutSize.swift in Sources */ = {isa = PBXBuildFile; fileRef = DA2DF20B205E82B500A50D77 /* ExtensionUIView+LayoutSize.swift */; };
		DA2DF216205E82B500A50D77 /* ExtensionUIColor.swift in Sources */ = {isa = PBXBuildFile; fileRef = DA2DF20C205E82B500A50D77 /* ExtensionUIColor.swift */; };
		DA2DF217205E82B500A50D77 /* ExtensionUIView+LayoutEquals.swift in Sources */ = {isa = PBXBuildFile; fileRef = DA2DF20D205E82B500A50D77 /* ExtensionUIView+LayoutEquals.swift */; };
		DA2DF218205E82B500A50D77 /* ExtensionFileManager.swift in Sources */ = {isa = PBXBuildFile; fileRef = DA2DF20E205E82B500A50D77 /* ExtensionFileManager.swift */; };
		DA2DF219205E82B500A50D77 /* ExtensionUIView+LayoutVertical.swift in Sources */ = {isa = PBXBuildFile; fileRef = DA2DF20F205E82B500A50D77 /* ExtensionUIView+LayoutVertical.swift */; };
		DA2DF21A205E82B500A50D77 /* ExtensionNSManagedObject.swift in Sources */ = {isa = PBXBuildFile; fileRef = DA2DF210205E82B500A50D77 /* ExtensionNSManagedObject.swift */; };
		DA2DF21B205E82B500A50D77 /* ExtensionString.swift in Sources */ = {isa = PBXBuildFile; fileRef = DA2DF211205E82B500A50D77 /* ExtensionString.swift */; };
		DA2DF21C205E82B500A50D77 /* ExtensionUIView+LayoutHorizontal.swift in Sources */ = {isa = PBXBuildFile; fileRef = DA2DF212205E82B500A50D77 /* ExtensionUIView+LayoutHorizontal.swift */; };
		DA2DF21F205E8C8500A50D77 /* brand.xcassets in Resources */ = {isa = PBXBuildFile; fileRef = DA2DF21E205E8C8500A50D77 /* brand.xcassets */; };
		DA2DF221205E99C200A50D77 /* icons.xcassets in Resources */ = {isa = PBXBuildFile; fileRef = DA2DF220205E99C200A50D77 /* icons.xcassets */; };
		DA2DF223205E9AC200A50D77 /* StructureNavigatorView+Constants.swift in Sources */ = {isa = PBXBuildFile; fileRef = DA2DF222205E9AC200A50D77 /* StructureNavigatorView+Constants.swift */; };
		DA2DF225205E9B1C00A50D77 /* StructureNavigatorViewButton.swift in Sources */ = {isa = PBXBuildFile; fileRef = DA2DF224205E9B1C00A50D77 /* StructureNavigatorViewButton.swift */; };
		DA2DF227205E9B9600A50D77 /* TestStructureNavigatorViewButton.swift in Sources */ = {isa = PBXBuildFile; fileRef = DA2DF226205E9B9600A50D77 /* TestStructureNavigatorViewButton.swift */; };
		DA2DF229205E9D4800A50D77 /* StructureNavigatorViewButton+Constants.swift in Sources */ = {isa = PBXBuildFile; fileRef = DA2DF228205E9D4800A50D77 /* StructureNavigatorViewButton+Constants.swift */; };
		DA2DF230205E9F1E00A50D77 /* InfoPlist.strings in Resources */ = {isa = PBXBuildFile; fileRef = DA2DF22E205E9F1E00A50D77 /* InfoPlist.strings */; };
		DA2DF233205E9F2A00A50D77 /* LocalizableNavigation.strings in Resources */ = {isa = PBXBuildFile; fileRef = DA2DF231205E9F2A00A50D77 /* LocalizableNavigation.strings */; };
		DA40B851205F974200CFF383 /* TestGuideController.swift in Sources */ = {isa = PBXBuildFile; fileRef = DA40B850205F974200CFF383 /* TestGuideController.swift */; };
		DA40B853205FA06D00CFF383 /* StructureNavigatorView+Configuration.swift in Sources */ = {isa = PBXBuildFile; fileRef = DA40B852205FA06D00CFF383 /* StructureNavigatorView+Configuration.swift */; };
		DA40B855205FA62A00CFF383 /* StructureNavigatorViewTitle.swift in Sources */ = {isa = PBXBuildFile; fileRef = DA40B854205FA62A00CFF383 /* StructureNavigatorViewTitle.swift */; };
		DA40B857205FA66700CFF383 /* TestStructureNavigatorViewTitle.swift in Sources */ = {isa = PBXBuildFile; fileRef = DA40B856205FA66700CFF383 /* TestStructureNavigatorViewTitle.swift */; };
		DA40B859205FAA1100CFF383 /* StructureController+Selectors.swift in Sources */ = {isa = PBXBuildFile; fileRef = DA40B858205FAA1100CFF383 /* StructureController+Selectors.swift */; };
		DA40B85B205FB37800CFF383 /* Explore.swift in Sources */ = {isa = PBXBuildFile; fileRef = DA40B85A205FB37800CFF383 /* Explore.swift */; };
		DA40B85D205FB39500CFF383 /* TestExplore.swift in Sources */ = {isa = PBXBuildFile; fileRef = DA40B85C205FB39500CFF383 /* TestExplore.swift */; };
		DA40B85F205FB42B00CFF383 /* TestExploreController.swift in Sources */ = {isa = PBXBuildFile; fileRef = DA40B85E205FB42B00CFF383 /* TestExploreController.swift */; };
		DA4256712060E75B00F89C69 /* DatabaseProtocol.swift in Sources */ = {isa = PBXBuildFile; fileRef = DA4256702060E75B00F89C69 /* DatabaseProtocol.swift */; };
		DA4256732060E7D600F89C69 /* Coredata.swift in Sources */ = {isa = PBXBuildFile; fileRef = DA4256722060E7D600F89C69 /* Coredata.swift */; };
		DA4256752060E7F100F89C69 /* TestCoredata.swift in Sources */ = {isa = PBXBuildFile; fileRef = DA4256742060E7F100F89C69 /* TestCoredata.swift */; };
		DA730BCE20600FEB00DF1BAB /* ExploreView.swift in Sources */ = {isa = PBXBuildFile; fileRef = DA730BCD20600FEB00DF1BAB /* ExploreView.swift */; };
		DA730BD2206019A700DF1BAB /* TestSearchConfiguration.swift in Sources */ = {isa = PBXBuildFile; fileRef = DA730BD1206019A700DF1BAB /* TestSearchConfiguration.swift */; };
		DA730BD420601A3100DF1BAB /* SearchConfiguration.swift in Sources */ = {isa = PBXBuildFile; fileRef = DA730BD320601A3100DF1BAB /* SearchConfiguration.swift */; };
		DA7A19AE205EB84A00071EFC /* ExploreController.swift in Sources */ = {isa = PBXBuildFile; fileRef = DA7A19AD205EB84A00071EFC /* ExploreController.swift */; };
		DA7A19B0205EB87400071EFC /* FavouritesController.swift in Sources */ = {isa = PBXBuildFile; fileRef = DA7A19AF205EB87400071EFC /* FavouritesController.swift */; };
		DA7A19B2205EB88200071EFC /* FiltersController.swift in Sources */ = {isa = PBXBuildFile; fileRef = DA7A19B1205EB88200071EFC /* FiltersController.swift */; };
		DA7A19B5205EB8A400071EFC /* GuideController.swift in Sources */ = {isa = PBXBuildFile; fileRef = DA7A19B4205EB8A400071EFC /* GuideController.swift */; };
/* End PBXBuildFile section */

/* Begin PBXContainerItemProxy section */
		DA140A99205E644000451711 /* PBXContainerItemProxy */ = {
			isa = PBXContainerItemProxy;
			containerPortal = DA140A73205E61F800451711 /* Project object */;
			proxyType = 1;
			remoteGlobalIDString = DA140A7A205E61F800451711;
			remoteInfo = autoplaza;
		};
/* End PBXContainerItemProxy section */

/* Begin PBXFileReference section */
		DA140A7B205E61F800451711 /* autoplaza.app */ = {isa = PBXFileReference; explicitFileType = wrapper.application; includeInIndex = 0; path = autoplaza.app; sourceTree = BUILT_PRODUCTS_DIR; };
		DA140A94205E644000451711 /* UnitTests.xctest */ = {isa = PBXFileReference; explicitFileType = wrapper.cfbundle; includeInIndex = 0; path = UnitTests.xctest; sourceTree = BUILT_PRODUCTS_DIR; };
		DA140A9F205E64BE00451711 /* LaunchScreen.storyboard */ = {isa = PBXFileReference; fileEncoding = 4; lastKnownFileType = file.storyboard; path = LaunchScreen.storyboard; sourceTree = "<group>"; };
		DA140AA0205E64BE00451711 /* README.md */ = {isa = PBXFileReference; fileEncoding = 4; lastKnownFileType = net.daringfireball.markdown; path = README.md; sourceTree = "<group>"; };
		DA140AA1205E64BE00451711 /* LICENSE */ = {isa = PBXFileReference; fileEncoding = 4; lastKnownFileType = text; path = LICENSE; sourceTree = "<group>"; };
		DA140AA6205E64BE00451711 /* unitTestsInfo.plist */ = {isa = PBXFileReference; fileEncoding = 4; lastKnownFileType = text.plist.xml; path = unitTestsInfo.plist; sourceTree = "<group>"; };
		DA140AA7205E64BE00451711 /* autoplazaInfo.plist */ = {isa = PBXFileReference; fileEncoding = 4; lastKnownFileType = text.plist.xml; path = autoplazaInfo.plist; sourceTree = "<group>"; };
		DA140AA9205E64BE00451711 /* .gitignore */ = {isa = PBXFileReference; fileEncoding = 4; lastKnownFileType = text; path = .gitignore; sourceTree = "<group>"; };
		DA140AB2205E64DE00451711 /* Scripts */ = {isa = PBXFileReference; lastKnownFileType = folder; path = Scripts; sourceTree = "<group>"; };
		DA140AB4205E65A000451711 /* Application.swift */ = {isa = PBXFileReference; lastKnownFileType = sourcecode.swift; path = Application.swift; sourceTree = "<group>"; };
		DA140AB7205E68A800451711 /* StructureController.swift */ = {isa = PBXFileReference; lastKnownFileType = sourcecode.swift; path = StructureController.swift; sourceTree = "<group>"; };
		DA140AB9205E6A1900451711 /* Structure.swift */ = {isa = PBXFileReference; lastKnownFileType = sourcecode.swift; path = Structure.swift; sourceTree = "<group>"; };
		DA140ABC205E6A4700451711 /* TestStructure.swift */ = {isa = PBXFileReference; lastKnownFileType = sourcecode.swift; path = TestStructure.swift; sourceTree = "<group>"; };
		DA140ABE205E736D00451711 /* StructureItemProtocol.swift */ = {isa = PBXFileReference; lastKnownFileType = sourcecode.swift; path = StructureItemProtocol.swift; sourceTree = "<group>"; };
		DA140AC0205E73B900451711 /* Structure+Factory.swift */ = {isa = PBXFileReference; lastKnownFileType = sourcecode.swift; path = "Structure+Factory.swift"; sourceTree = "<group>"; };
		DA140AC3205E76E400451711 /* TestApplication.swift */ = {isa = PBXFileReference; lastKnownFileType = sourcecode.swift; path = TestApplication.swift; sourceTree = "<group>"; };
		DA140AC5205E77B100451711 /* TestStructureController.swift */ = {isa = PBXFileReference; lastKnownFileType = sourcecode.swift; path = TestStructureController.swift; sourceTree = "<group>"; };
		DA140AC7205E786400451711 /* TestStructureItemExplore.swift */ = {isa = PBXFileReference; lastKnownFileType = sourcecode.swift; path = TestStructureItemExplore.swift; sourceTree = "<group>"; };
		DA140AC9205E78B000451711 /* StructureItemExplore.swift */ = {isa = PBXFileReference; lastKnownFileType = sourcecode.swift; path = StructureItemExplore.swift; sourceTree = "<group>"; };
		DA140ACB205E7A6600451711 /* Structure+Constants.swift */ = {isa = PBXFileReference; lastKnownFileType = sourcecode.swift; path = "Structure+Constants.swift"; sourceTree = "<group>"; };
		DA140ACD205E7B5C00451711 /* StructureItemGuide.swift */ = {isa = PBXFileReference; lastKnownFileType = sourcecode.swift; path = StructureItemGuide.swift; sourceTree = "<group>"; };
		DA140ACF205E7B7D00451711 /* TestStructureItemGuide.swift */ = {isa = PBXFileReference; lastKnownFileType = sourcecode.swift; path = TestStructureItemGuide.swift; sourceTree = "<group>"; };
		DA140AD1205E7FFB00451711 /* TestStructureNavigatorView.swift */ = {isa = PBXFileReference; lastKnownFileType = sourcecode.swift; path = TestStructureNavigatorView.swift; sourceTree = "<group>"; };
		DA140AD3205E805B00451711 /* StructureNavigatorView.swift */ = {isa = PBXFileReference; lastKnownFileType = sourcecode.swift; path = StructureNavigatorView.swift; sourceTree = "<group>"; };
		DA2DF204205E81F000A50D77 /* StructureController+Navigator.swift */ = {isa = PBXFileReference; lastKnownFileType = sourcecode.swift; path = "StructureController+Navigator.swift"; sourceTree = "<group>"; };
		DA2DF206205E825100A50D77 /* StructureController+Constants.swift */ = {isa = PBXFileReference; lastKnownFileType = sourcecode.swift; path = "StructureController+Constants.swift"; sourceTree = "<group>"; };
		DA2DF209205E82B500A50D77 /* ExtensionUIView+LayoutWidth.swift */ = {isa = PBXFileReference; fileEncoding = 4; lastKnownFileType = sourcecode.swift; path = "ExtensionUIView+LayoutWidth.swift"; sourceTree = "<group>"; };
		DA2DF20A205E82B500A50D77 /* ExtensionUIView+LayoutHeight.swift */ = {isa = PBXFileReference; fileEncoding = 4; lastKnownFileType = sourcecode.swift; path = "ExtensionUIView+LayoutHeight.swift"; sourceTree = "<group>"; };
		DA2DF20B205E82B500A50D77 /* ExtensionUIView+LayoutSize.swift */ = {isa = PBXFileReference; fileEncoding = 4; lastKnownFileType = sourcecode.swift; path = "ExtensionUIView+LayoutSize.swift"; sourceTree = "<group>"; };
		DA2DF20C205E82B500A50D77 /* ExtensionUIColor.swift */ = {isa = PBXFileReference; fileEncoding = 4; lastKnownFileType = sourcecode.swift; path = ExtensionUIColor.swift; sourceTree = "<group>"; };
		DA2DF20D205E82B500A50D77 /* ExtensionUIView+LayoutEquals.swift */ = {isa = PBXFileReference; fileEncoding = 4; lastKnownFileType = sourcecode.swift; path = "ExtensionUIView+LayoutEquals.swift"; sourceTree = "<group>"; };
		DA2DF20E205E82B500A50D77 /* ExtensionFileManager.swift */ = {isa = PBXFileReference; fileEncoding = 4; lastKnownFileType = sourcecode.swift; path = ExtensionFileManager.swift; sourceTree = "<group>"; };
		DA2DF20F205E82B500A50D77 /* ExtensionUIView+LayoutVertical.swift */ = {isa = PBXFileReference; fileEncoding = 4; lastKnownFileType = sourcecode.swift; path = "ExtensionUIView+LayoutVertical.swift"; sourceTree = "<group>"; };
		DA2DF210205E82B500A50D77 /* ExtensionNSManagedObject.swift */ = {isa = PBXFileReference; fileEncoding = 4; lastKnownFileType = sourcecode.swift; path = ExtensionNSManagedObject.swift; sourceTree = "<group>"; };
		DA2DF211205E82B500A50D77 /* ExtensionString.swift */ = {isa = PBXFileReference; fileEncoding = 4; lastKnownFileType = sourcecode.swift; path = ExtensionString.swift; sourceTree = "<group>"; };
		DA2DF212205E82B500A50D77 /* ExtensionUIView+LayoutHorizontal.swift */ = {isa = PBXFileReference; fileEncoding = 4; lastKnownFileType = sourcecode.swift; path = "ExtensionUIView+LayoutHorizontal.swift"; sourceTree = "<group>"; };
		DA2DF21D205E8BCA00A50D77 /* Design */ = {isa = PBXFileReference; lastKnownFileType = folder; path = Design; sourceTree = "<group>"; };
		DA2DF21E205E8C8500A50D77 /* brand.xcassets */ = {isa = PBXFileReference; lastKnownFileType = folder.assetcatalog; path = brand.xcassets; sourceTree = "<group>"; };
		DA2DF220205E99C200A50D77 /* icons.xcassets */ = {isa = PBXFileReference; lastKnownFileType = folder.assetcatalog; path = icons.xcassets; sourceTree = "<group>"; };
		DA2DF222205E9AC200A50D77 /* StructureNavigatorView+Constants.swift */ = {isa = PBXFileReference; lastKnownFileType = sourcecode.swift; path = "StructureNavigatorView+Constants.swift"; sourceTree = "<group>"; };
		DA2DF224205E9B1C00A50D77 /* StructureNavigatorViewButton.swift */ = {isa = PBXFileReference; lastKnownFileType = sourcecode.swift; path = StructureNavigatorViewButton.swift; sourceTree = "<group>"; };
		DA2DF226205E9B9600A50D77 /* TestStructureNavigatorViewButton.swift */ = {isa = PBXFileReference; lastKnownFileType = sourcecode.swift; path = TestStructureNavigatorViewButton.swift; sourceTree = "<group>"; };
		DA2DF228205E9D4800A50D77 /* StructureNavigatorViewButton+Constants.swift */ = {isa = PBXFileReference; lastKnownFileType = sourcecode.swift; path = "StructureNavigatorViewButton+Constants.swift"; sourceTree = "<group>"; };
		DA40B850205F974200CFF383 /* TestGuideController.swift */ = {isa = PBXFileReference; lastKnownFileType = sourcecode.swift; path = TestGuideController.swift; sourceTree = "<group>"; };
		DA40B852205FA06D00CFF383 /* StructureNavigatorView+Configuration.swift */ = {isa = PBXFileReference; lastKnownFileType = sourcecode.swift; path = "StructureNavigatorView+Configuration.swift"; sourceTree = "<group>"; };
		DA40B854205FA62A00CFF383 /* StructureNavigatorViewTitle.swift */ = {isa = PBXFileReference; lastKnownFileType = sourcecode.swift; path = StructureNavigatorViewTitle.swift; sourceTree = "<group>"; };
		DA40B856205FA66700CFF383 /* TestStructureNavigatorViewTitle.swift */ = {isa = PBXFileReference; lastKnownFileType = sourcecode.swift; path = TestStructureNavigatorViewTitle.swift; sourceTree = "<group>"; };
		DA40B858205FAA1100CFF383 /* StructureController+Selectors.swift */ = {isa = PBXFileReference; lastKnownFileType = sourcecode.swift; path = "StructureController+Selectors.swift"; sourceTree = "<group>"; };
		DA40B85A205FB37800CFF383 /* Explore.swift */ = {isa = PBXFileReference; lastKnownFileType = sourcecode.swift; path = Explore.swift; sourceTree = "<group>"; };
		DA40B85C205FB39500CFF383 /* TestExplore.swift */ = {isa = PBXFileReference; lastKnownFileType = sourcecode.swift; path = TestExplore.swift; sourceTree = "<group>"; };
		DA40B85E205FB42B00CFF383 /* TestExploreController.swift */ = {isa = PBXFileReference; lastKnownFileType = sourcecode.swift; path = TestExploreController.swift; sourceTree = "<group>"; };
		DA4256702060E75B00F89C69 /* DatabaseProtocol.swift */ = {isa = PBXFileReference; lastKnownFileType = sourcecode.swift; path = DatabaseProtocol.swift; sourceTree = "<group>"; };
		DA4256722060E7D600F89C69 /* Coredata.swift */ = {isa = PBXFileReference; lastKnownFileType = sourcecode.swift; path = Coredata.swift; sourceTree = "<group>"; };
		DA4256742060E7F100F89C69 /* TestCoredata.swift */ = {isa = PBXFileReference; lastKnownFileType = sourcecode.swift; path = TestCoredata.swift; sourceTree = "<group>"; };
		DA730BCD20600FEB00DF1BAB /* ExploreView.swift */ = {isa = PBXFileReference; lastKnownFileType = sourcecode.swift; path = ExploreView.swift; sourceTree = "<group>"; };
		DA730BD1206019A700DF1BAB /* TestSearchConfiguration.swift */ = {isa = PBXFileReference; lastKnownFileType = sourcecode.swift; path = TestSearchConfiguration.swift; sourceTree = "<group>"; };
		DA730BD320601A3100DF1BAB /* SearchConfiguration.swift */ = {isa = PBXFileReference; lastKnownFileType = sourcecode.swift; path = SearchConfiguration.swift; sourceTree = "<group>"; };
		DA7A19A6205EA2DF00071EFC /* en */ = {isa = PBXFileReference; lastKnownFileType = text.plist.strings; name = en; path = en.lproj/InfoPlist.strings; sourceTree = "<group>"; };
		DA7A19A7205EA2DF00071EFC /* en */ = {isa = PBXFileReference; lastKnownFileType = text.plist.strings; name = en; path = en.lproj/LocalizableNavigation.strings; sourceTree = "<group>"; };
		DA7A19AD205EB84A00071EFC /* ExploreController.swift */ = {isa = PBXFileReference; lastKnownFileType = sourcecode.swift; path = ExploreController.swift; sourceTree = "<group>"; };
		DA7A19AF205EB87400071EFC /* FavouritesController.swift */ = {isa = PBXFileReference; lastKnownFileType = sourcecode.swift; path = FavouritesController.swift; sourceTree = "<group>"; };
		DA7A19B1205EB88200071EFC /* FiltersController.swift */ = {isa = PBXFileReference; lastKnownFileType = sourcecode.swift; path = FiltersController.swift; sourceTree = "<group>"; };
		DA7A19B4205EB8A400071EFC /* GuideController.swift */ = {isa = PBXFileReference; lastKnownFileType = sourcecode.swift; path = GuideController.swift; sourceTree = "<group>"; };
/* End PBXFileReference section */

/* Begin PBXFrameworksBuildPhase section */
		DA140A78205E61F800451711 /* Frameworks */ = {
			isa = PBXFrameworksBuildPhase;
			buildActionMask = 2147483647;
			files = (
			);
			runOnlyForDeploymentPostprocessing = 0;
		};
		DA140A91205E644000451711 /* Frameworks */ = {
			isa = PBXFrameworksBuildPhase;
			buildActionMask = 2147483647;
			files = (
			);
			runOnlyForDeploymentPostprocessing = 0;
		};
/* End PBXFrameworksBuildPhase section */

/* Begin PBXGroup section */
		DA140A72205E61F800451711 = {
			isa = PBXGroup;
			children = (
				DA140A9E205E64BE00451711 /* Assets */,
				DA140AA5205E64BE00451711 /* Configuration */,
				DA140AA2205E64BE00451711 /* Resources */,
				DA140AA8205E64BE00451711 /* Source */,
				DA140AB1205E64CB00451711 /* UnitTests */,
				DA140AB2205E64DE00451711 /* Scripts */,
				DA2DF21D205E8BCA00A50D77 /* Design */,
				DA140AA1205E64BE00451711 /* LICENSE */,
				DA140AA0205E64BE00451711 /* README.md */,
				DA140AA9205E64BE00451711 /* .gitignore */,
				DA140A7C205E61F800451711 /* Products */,
			);
			sourceTree = "<group>";
		};
		DA140A7C205E61F800451711 /* Products */ = {
			isa = PBXGroup;
			children = (
				DA140A7B205E61F800451711 /* autoplaza.app */,
				DA140A94205E644000451711 /* UnitTests.xctest */,
			);
			name = Products;
			sourceTree = "<group>";
		};
		DA140A9E205E64BE00451711 /* Assets */ = {
			isa = PBXGroup;
			children = (
				DA140A9F205E64BE00451711 /* LaunchScreen.storyboard */,
				DA2DF21E205E8C8500A50D77 /* brand.xcassets */,
				DA2DF220205E99C200A50D77 /* icons.xcassets */,
			);
			path = Assets;
			sourceTree = "<group>";
		};
		DA140AA2205E64BE00451711 /* Resources */ = {
			isa = PBXGroup;
			children = (
				DA2DF22E205E9F1E00A50D77 /* InfoPlist.strings */,
				DA2DF231205E9F2A00A50D77 /* LocalizableNavigation.strings */,
			);
			path = Resources;
			sourceTree = "<group>";
		};
		DA140AA5205E64BE00451711 /* Configuration */ = {
			isa = PBXGroup;
			children = (
				DA140AA6205E64BE00451711 /* unitTestsInfo.plist */,
				DA140AA7205E64BE00451711 /* autoplazaInfo.plist */,
			);
			path = Configuration;
			sourceTree = "<group>";
		};
		DA140AA8205E64BE00451711 /* Source */ = {
			isa = PBXGroup;
			children = (
				DA42566C2060E5EB00F89C69 /* Coredata */,
				DA42566A2060E5EB00F89C69 /* Database */,
				DA730BCF2060199100DF1BAB /* SearchConfiguration */,
				DA140AB3205E659300451711 /* Application */,
				DA7A19B3205EB89900071EFC /* Guide */,
				DA7A19AB205EB83800071EFC /* Explore */,
				DA7A19AA205EB83800071EFC /* Favourites */,
				DA7A19AC205EB83900071EFC /* Filters */,
				DA140AB6205E689C00451711 /* Structure */,
				DA2DF208205E82B500A50D77 /* Extensions */,
			);
			path = Source;
			sourceTree = "<group>";
		};
		DA140AB1205E64CB00451711 /* UnitTests */ = {
			isa = PBXGroup;
			children = (
				DA42566E2060E5F600F89C69 /* Coredata */,
				DA42566F2060E5F600F89C69 /* Database */,
				DA730BD02060199A00DF1BAB /* SearchConfiguration */,
				DA40B84C205F973600CFF383 /* Explore */,
				DA40B84F205F973600CFF383 /* Favourites */,
				DA40B84E205F973600CFF383 /* Filters */,
				DA40B84D205F973600CFF383 /* Guide */,
				DA140AC2205E76DA00451711 /* Application */,
				DA140ABB205E6A3400451711 /* Structure */,
			);
			path = UnitTests;
			sourceTree = "<group>";
		};
		DA140AB3205E659300451711 /* Application */ = {
			isa = PBXGroup;
			children = (
				DA140AB4205E65A000451711 /* Application.swift */,
			);
			path = Application;
			sourceTree = "<group>";
		};
		DA140AB6205E689C00451711 /* Structure */ = {
			isa = PBXGroup;
			children = (
				DA140AB9205E6A1900451711 /* Structure.swift */,
				DA140ACB205E7A6600451711 /* Structure+Constants.swift */,
				DA140AC0205E73B900451711 /* Structure+Factory.swift */,
				DA140ABE205E736D00451711 /* StructureItemProtocol.swift */,
				DA140AC9205E78B000451711 /* StructureItemExplore.swift */,
				DA140ACD205E7B5C00451711 /* StructureItemGuide.swift */,
				DA140AB7205E68A800451711 /* StructureController.swift */,
				DA2DF206205E825100A50D77 /* StructureController+Constants.swift */,
				DA2DF204205E81F000A50D77 /* StructureController+Navigator.swift */,
				DA40B858205FAA1100CFF383 /* StructureController+Selectors.swift */,
				DA140AD3205E805B00451711 /* StructureNavigatorView.swift */,
				DA40B852205FA06D00CFF383 /* StructureNavigatorView+Configuration.swift */,
				DA2DF222205E9AC200A50D77 /* StructureNavigatorView+Constants.swift */,
				DA2DF224205E9B1C00A50D77 /* StructureNavigatorViewButton.swift */,
				DA2DF228205E9D4800A50D77 /* StructureNavigatorViewButton+Constants.swift */,
				DA40B854205FA62A00CFF383 /* StructureNavigatorViewTitle.swift */,
			);
			path = Structure;
			sourceTree = "<group>";
		};
		DA140ABB205E6A3400451711 /* Structure */ = {
			isa = PBXGroup;
			children = (
				DA140ABC205E6A4700451711 /* TestStructure.swift */,
				DA140AC5205E77B100451711 /* TestStructureController.swift */,
				DA140AC7205E786400451711 /* TestStructureItemExplore.swift */,
				DA140ACF205E7B7D00451711 /* TestStructureItemGuide.swift */,
				DA140AD1205E7FFB00451711 /* TestStructureNavigatorView.swift */,
				DA2DF226205E9B9600A50D77 /* TestStructureNavigatorViewButton.swift */,
				DA40B856205FA66700CFF383 /* TestStructureNavigatorViewTitle.swift */,
			);
			path = Structure;
			sourceTree = "<group>";
		};
		DA140AC2205E76DA00451711 /* Application */ = {
			isa = PBXGroup;
			children = (
				DA140AC3205E76E400451711 /* TestApplication.swift */,
			);
			path = Application;
			sourceTree = "<group>";
		};
		DA2DF208205E82B500A50D77 /* Extensions */ = {
			isa = PBXGroup;
			children = (
				DA2DF210205E82B500A50D77 /* ExtensionNSManagedObject.swift */,
				DA2DF20E205E82B500A50D77 /* ExtensionFileManager.swift */,
				DA2DF20C205E82B500A50D77 /* ExtensionUIColor.swift */,
				DA2DF211205E82B500A50D77 /* ExtensionString.swift */,
				DA2DF209205E82B500A50D77 /* ExtensionUIView+LayoutWidth.swift */,
				DA2DF20A205E82B500A50D77 /* ExtensionUIView+LayoutHeight.swift */,
				DA2DF20B205E82B500A50D77 /* ExtensionUIView+LayoutSize.swift */,
				DA2DF20D205E82B500A50D77 /* ExtensionUIView+LayoutEquals.swift */,
				DA2DF20F205E82B500A50D77 /* ExtensionUIView+LayoutVertical.swift */,
				DA2DF212205E82B500A50D77 /* ExtensionUIView+LayoutHorizontal.swift */,
			);
			path = Extensions;
			sourceTree = "<group>";
		};
		DA40B84C205F973600CFF383 /* Explore */ = {
			isa = PBXGroup;
			children = (
				DA40B85C205FB39500CFF383 /* TestExplore.swift */,
				DA40B85E205FB42B00CFF383 /* TestExploreController.swift */,
			);
			path = Explore;
			sourceTree = "<group>";
		};
		DA40B84D205F973600CFF383 /* Guide */ = {
			isa = PBXGroup;
			children = (
				DA40B850205F974200CFF383 /* TestGuideController.swift */,
			);
			path = Guide;
			sourceTree = "<group>";
		};
		DA40B84E205F973600CFF383 /* Filters */ = {
			isa = PBXGroup;
			children = (
			);
			path = Filters;
			sourceTree = "<group>";
		};
		DA40B84F205F973600CFF383 /* Favourites */ = {
			isa = PBXGroup;
			children = (
			);
			path = Favourites;
			sourceTree = "<group>";
		};
		DA42566A2060E5EB00F89C69 /* Database */ = {
			isa = PBXGroup;
			children = (
				DA4256702060E75B00F89C69 /* DatabaseProtocol.swift */,
			);
			path = Database;
			sourceTree = "<group>";
		};
		DA42566C2060E5EB00F89C69 /* Coredata */ = {
			isa = PBXGroup;
			children = (
				DA4256722060E7D600F89C69 /* Coredata.swift */,
			);
			path = Coredata;
			sourceTree = "<group>";
		};
		DA42566E2060E5F600F89C69 /* Coredata */ = {
			isa = PBXGroup;
			children = (
				DA4256742060E7F100F89C69 /* TestCoredata.swift */,
			);
			path = Coredata;
			sourceTree = "<group>";
		};
		DA42566F2060E5F600F89C69 /* Database */ = {
			isa = PBXGroup;
			children = (
			);
			path = Database;
			sourceTree = "<group>";
		};
		DA730BCF2060199100DF1BAB /* SearchConfiguration */ = {
			isa = PBXGroup;
			children = (
				DA730BD320601A3100DF1BAB /* SearchConfiguration.swift */,
			);
			path = SearchConfiguration;
			sourceTree = "<group>";
		};
		DA730BD02060199A00DF1BAB /* SearchConfiguration */ = {
			isa = PBXGroup;
			children = (
				DA730BD1206019A700DF1BAB /* TestSearchConfiguration.swift */,
			);
			path = SearchConfiguration;
			sourceTree = "<group>";
		};
		DA7A19AA205EB83800071EFC /* Favourites */ = {
			isa = PBXGroup;
			children = (
				DA7A19AF205EB87400071EFC /* FavouritesController.swift */,
			);
			path = Favourites;
			sourceTree = "<group>";
		};
		DA7A19AB205EB83800071EFC /* Explore */ = {
			isa = PBXGroup;
			children = (
				DA40B85A205FB37800CFF383 /* Explore.swift */,
				DA7A19AD205EB84A00071EFC /* ExploreController.swift */,
				DA730BCD20600FEB00DF1BAB /* ExploreView.swift */,
			);
			path = Explore;
			sourceTree = "<group>";
		};
		DA7A19AC205EB83900071EFC /* Filters */ = {
			isa = PBXGroup;
			children = (
				DA7A19B1205EB88200071EFC /* FiltersController.swift */,
			);
			path = Filters;
			sourceTree = "<group>";
		};
		DA7A19B3205EB89900071EFC /* Guide */ = {
			isa = PBXGroup;
			children = (
				DA7A19B4205EB8A400071EFC /* GuideController.swift */,
			);
			path = Guide;
			sourceTree = "<group>";
		};
/* End PBXGroup section */

/* Begin PBXNativeTarget section */
		DA140A7A205E61F800451711 /* autoplaza */ = {
			isa = PBXNativeTarget;
			buildConfigurationList = DA140A8D205E61F800451711 /* Build configuration list for PBXNativeTarget "autoplaza" */;
			buildPhases = (
				DA140A77205E61F800451711 /* Sources */,
				DA140A78205E61F800451711 /* Frameworks */,
				DA140A79205E61F800451711 /* Resources */,
			);
			buildRules = (
			);
			dependencies = (
			);
			name = autoplaza;
			productName = autoplaza;
			productReference = DA140A7B205E61F800451711 /* autoplaza.app */;
			productType = "com.apple.product-type.application";
		};
		DA140A93205E644000451711 /* UnitTests */ = {
			isa = PBXNativeTarget;
			buildConfigurationList = DA140A9B205E644000451711 /* Build configuration list for PBXNativeTarget "UnitTests" */;
			buildPhases = (
				DA140A90205E644000451711 /* Sources */,
				DA140A91205E644000451711 /* Frameworks */,
				DA140A92205E644000451711 /* Resources */,
			);
			buildRules = (
			);
			dependencies = (
				DA140A9A205E644000451711 /* PBXTargetDependency */,
			);
			name = UnitTests;
			productName = UnitTests;
			productReference = DA140A94205E644000451711 /* UnitTests.xctest */;
			productType = "com.apple.product-type.bundle.unit-test";
		};
/* End PBXNativeTarget section */

/* Begin PBXProject section */
		DA140A73205E61F800451711 /* Project object */ = {
			isa = PBXProject;
			attributes = {
				LastSwiftUpdateCheck = 0920;
				LastUpgradeCheck = 0920;
				ORGANIZATIONNAME = iturbide;
				TargetAttributes = {
					DA140A7A205E61F800451711 = {
						CreatedOnToolsVersion = 9.2;
						LastSwiftMigration = 0920;
						ProvisioningStyle = Automatic;
					};
					DA140A93205E644000451711 = {
						CreatedOnToolsVersion = 9.2;
						LastSwiftMigration = 0920;
						ProvisioningStyle = Automatic;
						TestTargetID = DA140A7A205E61F800451711;
					};
				};
			};
			buildConfigurationList = DA140A76205E61F800451711 /* Build configuration list for PBXProject "autoplaza" */;
			compatibilityVersion = "Xcode 8.0";
			developmentRegion = en;
			hasScannedForEncodings = 0;
			knownRegions = (
				en,
			);
			mainGroup = DA140A72205E61F800451711;
			productRefGroup = DA140A7C205E61F800451711 /* Products */;
			projectDirPath = "";
			projectRoot = "";
			targets = (
				DA140A7A205E61F800451711 /* autoplaza */,
				DA140A93205E644000451711 /* UnitTests */,
			);
		};
/* End PBXProject section */

/* Begin PBXResourcesBuildPhase section */
		DA140A79205E61F800451711 /* Resources */ = {
			isa = PBXResourcesBuildPhase;
			buildActionMask = 2147483647;
			files = (
				DA140AAC205E64BE00451711 /* LICENSE in Resources */,
				DA2DF230205E9F1E00A50D77 /* InfoPlist.strings in Resources */,
				DA140AB0205E64BE00451711 /* .gitignore in Resources */,
				DA2DF221205E99C200A50D77 /* icons.xcassets in Resources */,
				DA140AAB205E64BE00451711 /* README.md in Resources */,
				DA140AAA205E64BE00451711 /* LaunchScreen.storyboard in Resources */,
				DA2DF21F205E8C8500A50D77 /* brand.xcassets in Resources */,
				DA2DF233205E9F2A00A50D77 /* LocalizableNavigation.strings in Resources */,
			);
			runOnlyForDeploymentPostprocessing = 0;
		};
		DA140A92205E644000451711 /* Resources */ = {
			isa = PBXResourcesBuildPhase;
			buildActionMask = 2147483647;
			files = (
			);
			runOnlyForDeploymentPostprocessing = 0;
		};
/* End PBXResourcesBuildPhase section */

/* Begin PBXSourcesBuildPhase section */
		DA140A77205E61F800451711 /* Sources */ = {
			isa = PBXSourcesBuildPhase;
			buildActionMask = 2147483647;
			files = (
				DA730BD420601A3100DF1BAB /* SearchConfiguration.swift in Sources */,
				DA2DF223205E9AC200A50D77 /* StructureNavigatorView+Constants.swift in Sources */,
				DA2DF21B205E82B500A50D77 /* ExtensionString.swift in Sources */,
				DA40B853205FA06D00CFF383 /* StructureNavigatorView+Configuration.swift in Sources */,
				DA2DF215205E82B500A50D77 /* ExtensionUIView+LayoutSize.swift in Sources */,
				DA7A19B2205EB88200071EFC /* FiltersController.swift in Sources */,
				DA7A19AE205EB84A00071EFC /* ExploreController.swift in Sources */,
				DA2DF207205E825100A50D77 /* StructureController+Constants.swift in Sources */,
				DA4256732060E7D600F89C69 /* Coredata.swift in Sources */,
				DA4256712060E75B00F89C69 /* DatabaseProtocol.swift in Sources */,
				DA40B85B205FB37800CFF383 /* Explore.swift in Sources */,
				DA2DF218205E82B500A50D77 /* ExtensionFileManager.swift in Sources */,
				DA7A19B0205EB87400071EFC /* FavouritesController.swift in Sources */,
				DA2DF213205E82B500A50D77 /* ExtensionUIView+LayoutWidth.swift in Sources */,
				DA2DF217205E82B500A50D77 /* ExtensionUIView+LayoutEquals.swift in Sources */,
				DA40B855205FA62A00CFF383 /* StructureNavigatorViewTitle.swift in Sources */,
				DA140ABF205E736D00451711 /* StructureItemProtocol.swift in Sources */,
				DA40B859205FAA1100CFF383 /* StructureController+Selectors.swift in Sources */,
				DA7A19B5205EB8A400071EFC /* GuideController.swift in Sources */,
				DA140ACE205E7B5C00451711 /* StructureItemGuide.swift in Sources */,
				DA140AB5205E65A000451711 /* Application.swift in Sources */,
				DA2DF21A205E82B500A50D77 /* ExtensionNSManagedObject.swift in Sources */,
				DA140AB8205E68A800451711 /* StructureController.swift in Sources */,
				DA140AC1205E73B900451711 /* Structure+Factory.swift in Sources */,
				DA2DF219205E82B500A50D77 /* ExtensionUIView+LayoutVertical.swift in Sources */,
				DA730BCE20600FEB00DF1BAB /* ExploreView.swift in Sources */,
				DA2DF205205E81F000A50D77 /* StructureController+Navigator.swift in Sources */,
				DA140ACA205E78B000451711 /* StructureItemExplore.swift in Sources */,
				DA140ACC205E7A6600451711 /* Structure+Constants.swift in Sources */,
				DA2DF214205E82B500A50D77 /* ExtensionUIView+LayoutHeight.swift in Sources */,
				DA2DF229205E9D4800A50D77 /* StructureNavigatorViewButton+Constants.swift in Sources */,
				DA2DF21C205E82B500A50D77 /* ExtensionUIView+LayoutHorizontal.swift in Sources */,
				DA140ABA205E6A1900451711 /* Structure.swift in Sources */,
				DA2DF216205E82B500A50D77 /* ExtensionUIColor.swift in Sources */,
				DA140AD4205E805B00451711 /* StructureNavigatorView.swift in Sources */,
				DA2DF225205E9B1C00A50D77 /* StructureNavigatorViewButton.swift in Sources */,
			);
			runOnlyForDeploymentPostprocessing = 0;
		};
		DA140A90205E644000451711 /* Sources */ = {
			isa = PBXSourcesBuildPhase;
			buildActionMask = 2147483647;
			files = (
				DA40B85F205FB42B00CFF383 /* TestExploreController.swift in Sources */,
				DA4256752060E7F100F89C69 /* TestCoredata.swift in Sources */,
				DA140AC8205E786400451711 /* TestStructureItemExplore.swift in Sources */,
				DA730BD2206019A700DF1BAB /* TestSearchConfiguration.swift in Sources */,
				DA40B857205FA66700CFF383 /* TestStructureNavigatorViewTitle.swift in Sources */,
				DA140AD2205E7FFB00451711 /* TestStructureNavigatorView.swift in Sources */,
				DA140AC6205E77B100451711 /* TestStructureController.swift in Sources */,
				DA140AD0205E7B7D00451711 /* TestStructureItemGuide.swift in Sources */,
				DA40B85D205FB39500CFF383 /* TestExplore.swift in Sources */,
				DA2DF227205E9B9600A50D77 /* TestStructureNavigatorViewButton.swift in Sources */,
				DA140AC4205E76E400451711 /* TestApplication.swift in Sources */,
				DA40B851205F974200CFF383 /* TestGuideController.swift in Sources */,
				DA140ABD205E6A4700451711 /* TestStructure.swift in Sources */,
			);
			runOnlyForDeploymentPostprocessing = 0;
		};
/* End PBXSourcesBuildPhase section */

/* Begin PBXTargetDependency section */
		DA140A9A205E644000451711 /* PBXTargetDependency */ = {
			isa = PBXTargetDependency;
			target = DA140A7A205E61F800451711 /* autoplaza */;
			targetProxy = DA140A99205E644000451711 /* PBXContainerItemProxy */;
		};
/* End PBXTargetDependency section */

/* Begin PBXVariantGroup section */
		DA2DF22E205E9F1E00A50D77 /* InfoPlist.strings */ = {
			isa = PBXVariantGroup;
			children = (
				DA7A19A6205EA2DF00071EFC /* en */,
			);
			name = InfoPlist.strings;
			sourceTree = "<group>";
		};
		DA2DF231205E9F2A00A50D77 /* LocalizableNavigation.strings */ = {
			isa = PBXVariantGroup;
			children = (
				DA7A19A7205EA2DF00071EFC /* en */,
			);
			name = LocalizableNavigation.strings;
			sourceTree = "<group>";
		};
/* End PBXVariantGroup section */

/* Begin XCBuildConfiguration section */
		DA140A8B205E61F800451711 /* Debug */ = {
			isa = XCBuildConfiguration;
			buildSettings = {
				ALWAYS_SEARCH_USER_PATHS = NO;
				CLANG_ANALYZER_LOCALIZABILITY_NONLOCALIZED = YES;
				CLANG_ANALYZER_NONNULL = YES;
				CLANG_ANALYZER_NUMBER_OBJECT_CONVERSION = YES_AGGRESSIVE;
				CLANG_CXX_LANGUAGE_STANDARD = "gnu++14";
				CLANG_CXX_LIBRARY = "libc++";
				CLANG_ENABLE_MODULES = NO;
				CLANG_ENABLE_OBJC_ARC = YES;
				CLANG_WARN_BLOCK_CAPTURE_AUTORELEASING = YES;
				CLANG_WARN_BOOL_CONVERSION = YES;
				CLANG_WARN_COMMA = YES;
				CLANG_WARN_CONSTANT_CONVERSION = YES;
				CLANG_WARN_DIRECT_OBJC_ISA_USAGE = YES_ERROR;
				CLANG_WARN_DOCUMENTATION_COMMENTS = YES;
				CLANG_WARN_EMPTY_BODY = YES;
				CLANG_WARN_ENUM_CONVERSION = YES;
				CLANG_WARN_INFINITE_RECURSION = YES;
				CLANG_WARN_INT_CONVERSION = YES;
				CLANG_WARN_NON_LITERAL_NULL_CONVERSION = YES;
				CLANG_WARN_OBJC_LITERAL_CONVERSION = YES;
				CLANG_WARN_OBJC_ROOT_CLASS = YES_ERROR;
				CLANG_WARN_RANGE_LOOP_ANALYSIS = YES;
				CLANG_WARN_STRICT_PROTOTYPES = YES;
				CLANG_WARN_SUSPICIOUS_MOVE = YES;
				CLANG_WARN_UNGUARDED_AVAILABILITY = YES_AGGRESSIVE;
				CLANG_WARN_UNREACHABLE_CODE = YES;
				CLANG_WARN__DUPLICATE_METHOD_MATCH = YES;
				CODE_SIGN_IDENTITY = "iPhone Developer";
				COPY_PHASE_STRIP = NO;
				DEBUG_INFORMATION_FORMAT = dwarf;
				ENABLE_STRICT_OBJC_MSGSEND = YES;
				ENABLE_TESTABILITY = YES;
				GCC_C_LANGUAGE_STANDARD = gnu11;
				GCC_DYNAMIC_NO_PIC = NO;
				GCC_NO_COMMON_BLOCKS = YES;
				GCC_OPTIMIZATION_LEVEL = 0;
				GCC_PREPROCESSOR_DEFINITIONS = (
					"DEBUG=1",
					"$(inherited)",
				);
				GCC_WARN_64_TO_32_BIT_CONVERSION = YES;
				GCC_WARN_ABOUT_RETURN_TYPE = YES_ERROR;
				GCC_WARN_UNDECLARED_SELECTOR = YES;
				GCC_WARN_UNINITIALIZED_AUTOS = YES_AGGRESSIVE;
				GCC_WARN_UNUSED_FUNCTION = YES;
				GCC_WARN_UNUSED_VARIABLE = YES;
				IPHONEOS_DEPLOYMENT_TARGET = 9.0;
				MTL_ENABLE_DEBUG_INFO = YES;
				ONLY_ACTIVE_ARCH = YES;
				SDKROOT = iphoneos;
				SWIFT_ACTIVE_COMPILATION_CONDITIONS = DEBUG;
				SWIFT_INSTALL_OBJC_HEADER = NO;
				SWIFT_OPTIMIZATION_LEVEL = "-Onone";
				VERSIONING_SYSTEM = "apple-generic";
			};
			name = Debug;
		};
		DA140A8C205E61F800451711 /* Release */ = {
			isa = XCBuildConfiguration;
			buildSettings = {
				ALWAYS_SEARCH_USER_PATHS = NO;
				CLANG_ANALYZER_LOCALIZABILITY_NONLOCALIZED = YES;
				CLANG_ANALYZER_NONNULL = YES;
				CLANG_ANALYZER_NUMBER_OBJECT_CONVERSION = YES_AGGRESSIVE;
				CLANG_CXX_LANGUAGE_STANDARD = "gnu++14";
				CLANG_CXX_LIBRARY = "libc++";
				CLANG_ENABLE_MODULES = NO;
				CLANG_ENABLE_OBJC_ARC = YES;
				CLANG_WARN_BLOCK_CAPTURE_AUTORELEASING = YES;
				CLANG_WARN_BOOL_CONVERSION = YES;
				CLANG_WARN_COMMA = YES;
				CLANG_WARN_CONSTANT_CONVERSION = YES;
				CLANG_WARN_DIRECT_OBJC_ISA_USAGE = YES_ERROR;
				CLANG_WARN_DOCUMENTATION_COMMENTS = YES;
				CLANG_WARN_EMPTY_BODY = YES;
				CLANG_WARN_ENUM_CONVERSION = YES;
				CLANG_WARN_INFINITE_RECURSION = YES;
				CLANG_WARN_INT_CONVERSION = YES;
				CLANG_WARN_NON_LITERAL_NULL_CONVERSION = YES;
				CLANG_WARN_OBJC_LITERAL_CONVERSION = YES;
				CLANG_WARN_OBJC_ROOT_CLASS = YES_ERROR;
				CLANG_WARN_RANGE_LOOP_ANALYSIS = YES;
				CLANG_WARN_STRICT_PROTOTYPES = YES;
				CLANG_WARN_SUSPICIOUS_MOVE = YES;
				CLANG_WARN_UNGUARDED_AVAILABILITY = YES_AGGRESSIVE;
				CLANG_WARN_UNREACHABLE_CODE = YES;
				CLANG_WARN__DUPLICATE_METHOD_MATCH = YES;
				CODE_SIGN_IDENTITY = "iPhone Developer";
				COPY_PHASE_STRIP = NO;
				DEBUG_INFORMATION_FORMAT = "dwarf-with-dsym";
				ENABLE_NS_ASSERTIONS = NO;
				ENABLE_STRICT_OBJC_MSGSEND = YES;
				GCC_C_LANGUAGE_STANDARD = gnu11;
				GCC_NO_COMMON_BLOCKS = YES;
				GCC_WARN_64_TO_32_BIT_CONVERSION = YES;
				GCC_WARN_ABOUT_RETURN_TYPE = YES_ERROR;
				GCC_WARN_UNDECLARED_SELECTOR = YES;
				GCC_WARN_UNINITIALIZED_AUTOS = YES_AGGRESSIVE;
				GCC_WARN_UNUSED_FUNCTION = YES;
				GCC_WARN_UNUSED_VARIABLE = YES;
				IPHONEOS_DEPLOYMENT_TARGET = 9.0;
				MTL_ENABLE_DEBUG_INFO = NO;
				SDKROOT = iphoneos;
				SWIFT_INSTALL_OBJC_HEADER = NO;
				SWIFT_OPTIMIZATION_LEVEL = "-Owholemodule";
				VALIDATE_PRODUCT = YES;
				VERSIONING_SYSTEM = "apple-generic";
			};
			name = Release;
		};
		DA140A8E205E61F800451711 /* Debug */ = {
			isa = XCBuildConfiguration;
			buildSettings = {
				ASSETCATALOG_COMPILER_APPICON_NAME = AppIcon;
				CLANG_ENABLE_MODULES = NO;
				CODE_SIGN_STYLE = Automatic;
				DEVELOPMENT_TEAM = 7AMWG3RLHN;
				INFOPLIST_FILE = Configuration/autoplazaInfo.plist;
				LD_RUNPATH_SEARCH_PATHS = "$(inherited) @executable_path/Frameworks";
				PRODUCT_BUNDLE_IDENTIFIER = iturbide.autoplaza;
				PRODUCT_NAME = "$(TARGET_NAME)";
				SWIFT_OPTIMIZATION_LEVEL = "-Onone";
				SWIFT_VERSION = 4.0;
				TARGETED_DEVICE_FAMILY = "1,2";
			};
			name = Debug;
		};
		DA140A8F205E61F800451711 /* Release */ = {
			isa = XCBuildConfiguration;
			buildSettings = {
				ASSETCATALOG_COMPILER_APPICON_NAME = AppIcon;
				CLANG_ENABLE_MODULES = NO;
				CODE_SIGN_STYLE = Automatic;
				DEVELOPMENT_TEAM = 7AMWG3RLHN;
				INFOPLIST_FILE = Configuration/autoplazaInfo.plist;
				LD_RUNPATH_SEARCH_PATHS = "$(inherited) @executable_path/Frameworks";
				PRODUCT_BUNDLE_IDENTIFIER = iturbide.autoplaza;
				PRODUCT_NAME = "$(TARGET_NAME)";
				SWIFT_VERSION = 4.0;
				TARGETED_DEVICE_FAMILY = "1,2";
			};
			name = Release;
		};
		DA140A9C205E644000451711 /* Debug */ = {
			isa = XCBuildConfiguration;
			buildSettings = {
				ALWAYS_EMBED_SWIFT_STANDARD_LIBRARIES = YES;
				BUNDLE_LOADER = "$(TEST_HOST)";
				CLANG_ENABLE_MODULES = NO;
				CODE_SIGN_STYLE = Automatic;
				DEVELOPMENT_TEAM = 7AMWG3RLHN;
				INFOPLIST_FILE = Configuration/unitTestsInfo.plist;
				LD_RUNPATH_SEARCH_PATHS = "$(inherited) @executable_path/Frameworks @loader_path/Frameworks";
				PRODUCT_BUNDLE_IDENTIFIER = iturbide.UnitTests;
				PRODUCT_NAME = "$(TARGET_NAME)";
				SWIFT_OPTIMIZATION_LEVEL = "-Onone";
				SWIFT_VERSION = 4.0;
				TARGETED_DEVICE_FAMILY = "1,2";
				TEST_HOST = "$(BUILT_PRODUCTS_DIR)/autoplaza.app/autoplaza";
			};
			name = Debug;
		};
		DA140A9D205E644000451711 /* Release */ = {
			isa = XCBuildConfiguration;
			buildSettings = {
				ALWAYS_EMBED_SWIFT_STANDARD_LIBRARIES = YES;
				BUNDLE_LOADER = "$(TEST_HOST)";
				CLANG_ENABLE_MODULES = NO;
				CODE_SIGN_STYLE = Automatic;
				DEVELOPMENT_TEAM = 7AMWG3RLHN;
				INFOPLIST_FILE = Configuration/unitTestsInfo.plist;
				LD_RUNPATH_SEARCH_PATHS = "$(inherited) @executable_path/Frameworks @loader_path/Frameworks";
				PRODUCT_BUNDLE_IDENTIFIER = iturbide.UnitTests;
				PRODUCT_NAME = "$(TARGET_NAME)";
				SWIFT_VERSION = 4.0;
				TARGETED_DEVICE_FAMILY = "1,2";
				TEST_HOST = "$(BUILT_PRODUCTS_DIR)/autoplaza.app/autoplaza";
			};
			name = Release;
		};
/* End XCBuildConfiguration section */

/* Begin XCConfigurationList section */
		DA140A76205E61F800451711 /* Build configuration list for PBXProject "autoplaza" */ = {
			isa = XCConfigurationList;
			buildConfigurations = (
				DA140A8B205E61F800451711 /* Debug */,
				DA140A8C205E61F800451711 /* Release */,
			);
			defaultConfigurationIsVisible = 0;
			defaultConfigurationName = Release;
		};
		DA140A8D205E61F800451711 /* Build configuration list for PBXNativeTarget "autoplaza" */ = {
			isa = XCConfigurationList;
			buildConfigurations = (
				DA140A8E205E61F800451711 /* Debug */,
				DA140A8F205E61F800451711 /* Release */,
			);
			defaultConfigurationIsVisible = 0;
			defaultConfigurationName = Release;
		};
		DA140A9B205E644000451711 /* Build configuration list for PBXNativeTarget "UnitTests" */ = {
			isa = XCConfigurationList;
			buildConfigurations = (
				DA140A9C205E644000451711 /* Debug */,
				DA140A9D205E644000451711 /* Release */,
			);
			defaultConfigurationIsVisible = 0;
			defaultConfigurationName = Release;
		};
/* End XCConfigurationList section */
	};
	rootObject = DA140A73205E61F800451711 /* Project object */;
}
